
Microsoft Visual Studio Solution File, Format Version 12.00
# Visual Studio 2013
VisualStudioVersion = 12.0.21005.1
MinimumVisualStudioVersion = 10.0.40219.1
Project("{FAE04EC0-301F-11D3-BF4B-00C04F79EFBC}") = "SsrsPowerShellTools", "SsrsPowerShellTools.csproj", "{A6B6E86B-BB58-41B4-A466-2D1DBF65AA24}"
EndProject
Project("{FAE04EC0-301F-11D3-BF4B-00C04F79EFBC}") = "SsrsPowerShellToolsTests", "..\SsrsPowerShellToolsTests\SsrsPowerShellToolsTests.csproj", "{31321CD1-8D0C-4194-82CE-991F96353920}"
EndProject
Project("{FAE04EC0-301F-11D3-BF4B-00C04F79EFBC}") = "Microsoft.SqlServer.ReportingServices", "..\Microsoft.SqlServer.ReportingServices\Microsoft.SqlServer.ReportingServices.csproj", "{93D62623-F0D3-44FE-8A5D-A66DBFD32A16}"
EndProject
Global
	GlobalSection(SolutionConfigurationPlatforms) = preSolution
		Debug|Any CPU = Debug|Any CPU
		Release|Any CPU = Release|Any CPU
	EndGlobalSection
	GlobalSection(ProjectConfigurationPlatforms) = postSolution
		{A6B6E86B-BB58-41B4-A466-2D1DBF65AA24}.Debug|Any CPU.ActiveCfg = Debug|Any CPU
		{A6B6E86B-BB58-41B4-A466-2D1DBF65AA24}.Debug|Any CPU.Build.0 = Debug|Any CPU
		{A6B6E86B-BB58-41B4-A466-2D1DBF65AA24}.Release|Any CPU.ActiveCfg = Release|Any CPU
		{A6B6E86B-BB58-41B4-A466-2D1DBF65AA24}.Release|Any CPU.Build.0 = Release|Any CPU
		{31321CD1-8D0C-4194-82CE-991F96353920}.Debug|Any CPU.ActiveCfg = Debug|Any CPU
		{31321CD1-8D0C-4194-82CE-991F96353920}.Debug|Any CPU.Build.0 = Debug|Any CPU
		{31321CD1-8D0C-4194-82CE-991F96353920}.Release|Any CPU.ActiveCfg = Release|Any CPU
		{31321CD1-8D0C-4194-82CE-991F96353920}.Release|Any CPU.Build.0 = Release|Any CPU
		{93D62623-F0D3-44FE-8A5D-A66DBFD32A16}.Debug|Any CPU.ActiveCfg = Debug|Any CPU
		{93D62623-F0D3-44FE-8A5D-A66DBFD32A16}.Debug|Any CPU.Build.0 = Debug|Any CPU
		{93D62623-F0D3-44FE-8A5D-A66DBFD32A16}.Release|Any CPU.ActiveCfg = Release|Any CPU
		{93D62623-F0D3-44FE-8A5D-A66DBFD32A16}.Release|Any CPU.Build.0 = Release|Any CPU
	EndGlobalSection
	GlobalSection(SolutionProperties) = preSolution
		HideSolutionNode = FALSE
	EndGlobalSection
EndGlobal
